{
  "requires": true,
  "lockfileVersion": 1,
  "dependencies": {
    "bootstrap-icons": {
      "version": "1.6.1",
      "resolved": "https://registry.npmjs.org/bootstrap-icons/-/bootstrap-icons-1.6.1.tgz",
      "integrity": "sha512-MNpF89+njCdVJePDRbCd2DrUusqIyNsPlBrdKqBEXAvFZpwb+Gc8k2VlyF2ueiDQn1PoeTSg9UqQNgx8tGqHAA=="
    }
  }
}
